
Microsoft Visual Studio Solution File, Format Version 12.00
# Visual Studio 15
VisualStudioVersion = 15.0.28307.852
MinimumVisualStudioVersion = 10.0.40219.1
Project("{8BC9CEB8-8B4A-11D0-8D11-00A0C91BC942}") = "Session08Indi", "Session08Indi\Session08Indi.vcxproj", "{8898C545-6F42-4C4D-961E-046961974CC1}"
EndProject
Global
	GlobalSection(SolutionConfigurationPlatforms) = preSolution
		Debug|x64 = Debug|x64
		Debug|x86 = Debug|x86
		Release|x64 = Release|x64
		Release|x86 = Release|x86
	EndGlobalSection
	GlobalSection(ProjectConfigurationPlatforms) = postSolution
		{8898C545-6F42-4C4D-961E-046961974CC1}.Debug|x64.ActiveCfg = Debug|x64
		{8898C545-6F42-4C4D-961E-046961974CC1}.Debug|x64.Build.0 = Debug|x64
		{8898C545-6F42-4C4D-961E-046961974CC1}.Debug|x86.ActiveCfg = Debug|Win32
		{8898C545-6F42-4C4D-961E-046961974CC1}.Debug|x86.Build.0 = Debug|Win32
		{8898C545-6F42-4C4D-961E-046961974CC1}.Release|x64.ActiveCfg = Release|x64
		{8898C545-6F42-4C4D-961E-046961974CC1}.Release|x64.Build.0 = Release|x64
		{8898C545-6F42-4C4D-961E-046961974CC1}.Release|x86.ActiveCfg = Release|Win32
		{8898C545-6F42-4C4D-961E-046961974CC1}.Release|x86.Build.0 = Release|Win32
	EndGlobalSection
	GlobalSection(SolutionProperties) = preSolution
		HideSolutionNode = FALSE
	EndGlobalSection
	GlobalSection(ExtensibilityGlobals) = postSolution
		SolutionGuid = {80BB5218-1412-4849-B616-2C3152CFFECB}
	EndGlobalSection
EndGlobal
